
Microsoft Visual Studio Solution File, Format Version 12.00
# Visual Studio Version 17
VisualStudioVersion = 17.9.34728.123
MinimumVisualStudioVersion = 10.0.40219.1
Project("{2150E333-8FDC-42A3-9474-1A3956D46DE8}") = "src", "src", "{A503BDA3-4ED3-435B-A1C7-70F7107EAB0D}"
EndProject
Project("{9A19103F-16F7-4668-BE54-9A1E7A4F7556}") = "Domain", "Domain\Domain.csproj", "{62237D40-72CF-4A36-82F7-A8AF7D9807B8}"
EndProject
Project("{9A19103F-16F7-4668-BE54-9A1E7A4F7556}") = "Application", "Application\Application.csproj", "{8BC29772-80FA-44EF-97E8-CAD811213D06}"
EndProject
Project("{FAE04EC0-301F-11D3-BF4B-00C04F79EFBC}") = "Infrastucture", "Infrastucture\Infrastucture.csproj", "{757BEAE6-EEBA-45CD-AE87-00564E19F392}"
EndProject
Project("{FAE04EC0-301F-11D3-BF4B-00C04F79EFBC}") = "Presentation", "Presentation\Presentation.csproj", "{C5B2E85B-80B2-4C22-8196-662D9A74B398}"
EndProject
Project("{FAE04EC0-301F-11D3-BF4B-00C04F79EFBC}") = "WebApi", "WebApi\WebApi.csproj", "{A43E3688-A733-41C7-8841-8431CDA55BB6}"
EndProject
Global
	GlobalSection(SolutionConfigurationPlatforms) = preSolution
		Debug|Any CPU = Debug|Any CPU
		Release|Any CPU = Release|Any CPU
	EndGlobalSection
	GlobalSection(ProjectConfigurationPlatforms) = postSolution
		{62237D40-72CF-4A36-82F7-A8AF7D9807B8}.Debug|Any CPU.ActiveCfg = Debug|Any CPU
		{62237D40-72CF-4A36-82F7-A8AF7D9807B8}.Debug|Any CPU.Build.0 = Debug|Any CPU
		{62237D40-72CF-4A36-82F7-A8AF7D9807B8}.Release|Any CPU.ActiveCfg = Release|Any CPU
		{62237D40-72CF-4A36-82F7-A8AF7D9807B8}.Release|Any CPU.Build.0 = Release|Any CPU
		{8BC29772-80FA-44EF-97E8-CAD811213D06}.Debug|Any CPU.ActiveCfg = Debug|Any CPU
		{8BC29772-80FA-44EF-97E8-CAD811213D06}.Debug|Any CPU.Build.0 = Debug|Any CPU
		{8BC29772-80FA-44EF-97E8-CAD811213D06}.Release|Any CPU.ActiveCfg = Release|Any CPU
		{8BC29772-80FA-44EF-97E8-CAD811213D06}.Release|Any CPU.Build.0 = Release|Any CPU
		{757BEAE6-EEBA-45CD-AE87-00564E19F392}.Debug|Any CPU.ActiveCfg = Debug|Any CPU
		{757BEAE6-EEBA-45CD-AE87-00564E19F392}.Debug|Any CPU.Build.0 = Debug|Any CPU
		{757BEAE6-EEBA-45CD-AE87-00564E19F392}.Release|Any CPU.ActiveCfg = Release|Any CPU
		{757BEAE6-EEBA-45CD-AE87-00564E19F392}.Release|Any CPU.Build.0 = Release|Any CPU
		{C5B2E85B-80B2-4C22-8196-662D9A74B398}.Debug|Any CPU.ActiveCfg = Debug|Any CPU
		{C5B2E85B-80B2-4C22-8196-662D9A74B398}.Debug|Any CPU.Build.0 = Debug|Any CPU
		{C5B2E85B-80B2-4C22-8196-662D9A74B398}.Release|Any CPU.ActiveCfg = Release|Any CPU
		{C5B2E85B-80B2-4C22-8196-662D9A74B398}.Release|Any CPU.Build.0 = Release|Any CPU
		{A43E3688-A733-41C7-8841-8431CDA55BB6}.Debug|Any CPU.ActiveCfg = Debug|Any CPU
		{A43E3688-A733-41C7-8841-8431CDA55BB6}.Debug|Any CPU.Build.0 = Debug|Any CPU
		{A43E3688-A733-41C7-8841-8431CDA55BB6}.Release|Any CPU.ActiveCfg = Release|Any CPU
		{A43E3688-A733-41C7-8841-8431CDA55BB6}.Release|Any CPU.Build.0 = Release|Any CPU
	EndGlobalSection
	GlobalSection(SolutionProperties) = preSolution
		HideSolutionNode = FALSE
	EndGlobalSection
	GlobalSection(NestedProjects) = preSolution
		{62237D40-72CF-4A36-82F7-A8AF7D9807B8} = {A503BDA3-4ED3-435B-A1C7-70F7107EAB0D}
		{8BC29772-80FA-44EF-97E8-CAD811213D06} = {A503BDA3-4ED3-435B-A1C7-70F7107EAB0D}
		{757BEAE6-EEBA-45CD-AE87-00564E19F392} = {A503BDA3-4ED3-435B-A1C7-70F7107EAB0D}
		{C5B2E85B-80B2-4C22-8196-662D9A74B398} = {A503BDA3-4ED3-435B-A1C7-70F7107EAB0D}
		{A43E3688-A733-41C7-8841-8431CDA55BB6} = {A503BDA3-4ED3-435B-A1C7-70F7107EAB0D}
	EndGlobalSection
	GlobalSection(ExtensibilityGlobals) = postSolution
		SolutionGuid = {507EA524-A57C-4128-8493-F01C3B7F4BA1}
	EndGlobalSection
EndGlobal
